{
  "version": "2",
  "remote": {
    "https://esm.sh/htm@3.1.1": "9bfcf90a678ddf08d89a597d6d3340a80813fa888a5304c256e57802d44846d7",
    "https://esm.sh/react-dom@18.2.0/client": "eb16939d9d17b7fd58cf4ae46e780d92f5609d2efdf3f04ae6e6c67f717a8439",
    "https://esm.sh/react-dom@18.2.0/server": "4ad05408f3e06bcdc08036880abe01232f9fb9200a03491b7097d922036feb13",
    "https://esm.sh/react@18.2.0": "84aa07282d2f3c843f7d56daeae0be41ceae768391c4418f7358dd64e8fe4eca",
    "https://esm.sh/stable/react@18.2.0/deno/react.js": "99f4a29109464569449be1002a828827c6dc9d7a386d28da012c29ba4cc88abd",
    "https://esm.sh/stable/react@18.2.0/deno/react.mjs": "a5a73ee24acca4744ee22c51d9357f31968d1f684ce253bde222b4e26d09f49f",
    "https://esm.sh/v111/@types/prop-types@15.7.5/index.d.ts": "6a386ff939f180ae8ef064699d8b7b6e62bc2731a62d7fbf5e02589383838dea",
    "https://esm.sh/v111/@types/react-dom@18.0.11/server~.d.ts": "062c36a354f037958d99f5741781417e760b9484afb4669288161719df63ae20",
    "https://esm.sh/v111/@types/react@18.0.26/global.d.ts": "bbdf156fea2fabed31a569445835aeedcc33643d404fcbaa54541f06c109df3f",
    "https://esm.sh/v111/@types/react@18.0.26/index.d.ts": "bb01db1b434ece658ae4da2a91c855f5ce823bdad82d8a0265e325aa12193450",
    "https://esm.sh/v111/@types/react@18.0.28/global.d.ts": "bbdf156fea2fabed31a569445835aeedcc33643d404fcbaa54541f06c109df3f",
    "https://esm.sh/v111/@types/react@18.0.28/index.d.ts": "bb01db1b434ece658ae4da2a91c855f5ce823bdad82d8a0265e325aa12193450",
    "https://esm.sh/v111/@types/scheduler@0.16.2/tracing.d.ts": "f5a8b384f182b3851cec3596ccc96cb7464f8d3469f48c74bf2befb782a19de5",
    "https://esm.sh/v111/csstype@3.1.1/index.d.ts": "1c29793071152b207c01ea1954e343be9a44d85234447b2b236acae9e709a383",
    "https://esm.sh/v111/htm@3.1.1/deno/htm.js": "10ff4fdb79ce3c4c7cf47577410d71162d14b14f579037d42d20bfdd6512cdd7",
    "https://esm.sh/v111/htm@3.1.1/dist/htm.d.ts": "63182906b224d53eb87b431224eba16215632f5ce1b854075d159a3d5762f052",
    "https://esm.sh/v111/react-dom@18.2.0/deno/server.js": "856a38f0fc1dd4c3c2a3432d88fbaf29da15eef3155c0cb8ea8de1febe13b197",
    "https://esm.sh/v118/@types/prop-types@15.7.5/index.d.ts": "6a386ff939f180ae8ef064699d8b7b6e62bc2731a62d7fbf5e02589383838dea",
    "https://esm.sh/v118/@types/react@18.2.6/global.d.ts": "549df62b64a71004aee17685b445a8289013daf96246ce4d9b087d13d7a27a61",
    "https://esm.sh/v118/@types/react@18.2.6/index.d.ts": "2ef11908f0e5f1cae0a42694e5e38852c976ca99a5d7eecfb71ed6a1187736c7",
    "https://esm.sh/v118/@types/scheduler@0.16.3/tracing.d.ts": "f5a8b384f182b3851cec3596ccc96cb7464f8d3469f48c74bf2befb782a19de5",
    "https://esm.sh/v118/csstype@3.1.2/index.d.ts": "4c68749a564a6facdf675416d75789ee5a557afda8960e0803cf6711fa569288",
    "https://esm.sh/v124/@types/react-dom@18.2.4/client~.d.ts": "b3b8eed836d40b2e2b9ce1ae19ea6d5ceead0a26780d420a43670a3bbb3c4ff4",
    "https://esm.sh/v124/react-dom@18.2.0/deno/client.js": "66570fb2407625b1a377661ffe1307a8c0abcb0340a227dfefe77b0315e82125",
    "https://esm.sh/v124/react-dom@18.2.0/deno/react-dom.mjs": "1a91ac625a6698c65831474481d116219419f6f6fcfe7c012584dd7cc6b285bf",
    "https://esm.sh/v124/scheduler@0.23.0/deno/scheduler.mjs": "585bd99e523275a2447f9d1c29f36b43be0a20123e7c7915f6f4d5405ecc2884"
  }
}
